
Microsoft Visual Studio Solution File, Format Version 12.00
# Visual Studio Version 16
VisualStudioVersion = 16.0.31702.278
MinimumVisualStudioVersion = 10.0.40219.1
Project("{FAE04EC0-301F-11D3-BF4B-00C04F79EFBC}") = "DTO", "DTO\DTO.csproj", "{B20242DD-F186-4102-A905-632CE2B69D8F}"
EndProject
Project("{FAE04EC0-301F-11D3-BF4B-00C04F79EFBC}") = "DAL", "DAL\DAL.csproj", "{7335A3FA-D365-4993-AED7-E930F9F3505C}"
EndProject
Project("{FAE04EC0-301F-11D3-BF4B-00C04F79EFBC}") = "BLL", "BLL\BLL.csproj", "{C9173F44-E876-4DE1-97FB-426F1BAEB85B}"
EndProject
Project("{FAE04EC0-301F-11D3-BF4B-00C04F79EFBC}") = "GUI", "GUI\GUI.csproj", "{CC6468CF-B961-4F05-9DF3-2F8E137719F8}"
EndProject
Global
	GlobalSection(SolutionConfigurationPlatforms) = preSolution
		Debug|Any CPU = Debug|Any CPU
		Release|Any CPU = Release|Any CPU
	EndGlobalSection
	GlobalSection(ProjectConfigurationPlatforms) = postSolution
		{B20242DD-F186-4102-A905-632CE2B69D8F}.Debug|Any CPU.ActiveCfg = Debug|Any CPU
		{B20242DD-F186-4102-A905-632CE2B69D8F}.Debug|Any CPU.Build.0 = Debug|Any CPU
		{B20242DD-F186-4102-A905-632CE2B69D8F}.Release|Any CPU.ActiveCfg = Release|Any CPU
		{B20242DD-F186-4102-A905-632CE2B69D8F}.Release|Any CPU.Build.0 = Release|Any CPU
		{7335A3FA-D365-4993-AED7-E930F9F3505C}.Debug|Any CPU.ActiveCfg = Debug|Any CPU
		{7335A3FA-D365-4993-AED7-E930F9F3505C}.Debug|Any CPU.Build.0 = Debug|Any CPU
		{7335A3FA-D365-4993-AED7-E930F9F3505C}.Release|Any CPU.ActiveCfg = Release|Any CPU
		{7335A3FA-D365-4993-AED7-E930F9F3505C}.Release|Any CPU.Build.0 = Release|Any CPU
		{C9173F44-E876-4DE1-97FB-426F1BAEB85B}.Debug|Any CPU.ActiveCfg = Debug|Any CPU
		{C9173F44-E876-4DE1-97FB-426F1BAEB85B}.Debug|Any CPU.Build.0 = Debug|Any CPU
		{C9173F44-E876-4DE1-97FB-426F1BAEB85B}.Release|Any CPU.ActiveCfg = Release|Any CPU
		{C9173F44-E876-4DE1-97FB-426F1BAEB85B}.Release|Any CPU.Build.0 = Release|Any CPU
		{CC6468CF-B961-4F05-9DF3-2F8E137719F8}.Debug|Any CPU.ActiveCfg = Debug|Any CPU
		{CC6468CF-B961-4F05-9DF3-2F8E137719F8}.Debug|Any CPU.Build.0 = Debug|Any CPU
		{CC6468CF-B961-4F05-9DF3-2F8E137719F8}.Release|Any CPU.ActiveCfg = Release|Any CPU
		{CC6468CF-B961-4F05-9DF3-2F8E137719F8}.Release|Any CPU.Build.0 = Release|Any CPU
	EndGlobalSection
	GlobalSection(SolutionProperties) = preSolution
		HideSolutionNode = FALSE
	EndGlobalSection
	GlobalSection(ExtensibilityGlobals) = postSolution
		SolutionGuid = {BF64541B-9D2F-4E6B-8207-24F57773E13A}
	EndGlobalSection
EndGlobal
